
Microsoft Visual Studio Solution File, Format Version 12.00
# Visual Studio Version 17
VisualStudioVersion = 17.4.33213.308
MinimumVisualStudioVersion = 10.0.40219.1
Project("{FAE04EC0-301F-11D3-BF4B-00C04F79EFBC}") = "WingtipToys", "WingtipToys\WingtipToys.csproj", "{F45A0592-28DA-4749-9AA5-2F58E4DB43C9}"
EndProject
Global
	GlobalSection(SolutionConfigurationPlatforms) = preSolution
		Debug|Any CPU = Debug|Any CPU
		Release|Any CPU = Release|Any CPU
	EndGlobalSection
	GlobalSection(ProjectConfigurationPlatforms) = postSolution
		{F45A0592-28DA-4749-9AA5-2F58E4DB43C9}.Debug|Any CPU.ActiveCfg = Debug|Any CPU
		{F45A0592-28DA-4749-9AA5-2F58E4DB43C9}.Debug|Any CPU.Build.0 = Debug|Any CPU
		{F45A0592-28DA-4749-9AA5-2F58E4DB43C9}.Release|Any CPU.ActiveCfg = Release|Any CPU
		{F45A0592-28DA-4749-9AA5-2F58E4DB43C9}.Release|Any CPU.Build.0 = Release|Any CPU
	EndGlobalSection
	GlobalSection(SolutionProperties) = preSolution
		HideSolutionNode = FALSE
	EndGlobalSection
	GlobalSection(ExtensibilityGlobals) = postSolution
		SolutionGuid = {EF0E5B49-5A88-4E1D-9B32-0C757B3E518D}
	EndGlobalSection
EndGlobal
